// !$*UTF8*$!
{
	archiveVersion = 1;
	classes = {
	};
	objectVersion = 52;
	objects = {

/* Begin PBXBuildFile section */
		0287938F39FAF8F7BD5D074C /* Pods_GatherQR.framework in Frameworks */ = {isa = PBXBuildFile; fileRef = 1C3C5C4BE9C567ABA06575A8 /* Pods_GatherQR.framework */; };
		059ABF15A51095014E29ADB5 /* Pods_GatherQR_GatherQRUITests.framework in Frameworks */ = {isa = PBXBuildFile; fileRef = 46D3C162CBF9D071E8A480F3 /* Pods_GatherQR_GatherQRUITests.framework */; };
		30D4AA644A3B0C98FAE2E2B5 /* Pods_GatherQRTests.framework in Frameworks */ = {isa = PBXBuildFile; fileRef = 95F98541221BDA2FC235A51B /* Pods_GatherQRTests.framework */; };
		E50D56DD2698E4D90057ED8C /* GoogleService-Info.plist in Resources */ = {isa = PBXBuildFile; fileRef = E50D56DC2698E4D90057ED8C /* GoogleService-Info.plist */; };
		E50D56DE2698E4D90057ED8C /* GoogleService-Info.plist in Resources */ = {isa = PBXBuildFile; fileRef = E50D56DC2698E4D90057ED8C /* GoogleService-Info.plist */; };
		E50D56DF2698E4D90057ED8C /* GoogleService-Info.plist in Resources */ = {isa = PBXBuildFile; fileRef = E50D56DC2698E4D90057ED8C /* GoogleService-Info.plist */; };
		E530489F2645F422004BB80D /* GatherQRApp.swift in Sources */ = {isa = PBXBuildFile; fileRef = E530489E2645F422004BB80D /* GatherQRApp.swift */; };
		E53048A12645F422004BB80D /* ContentView.swift in Sources */ = {isa = PBXBuildFile; fileRef = E53048A02645F422004BB80D /* ContentView.swift */; };
		E53048A32645F423004BB80D /* Assets.xcassets in Resources */ = {isa = PBXBuildFile; fileRef = E53048A22645F423004BB80D /* Assets.xcassets */; };
		E53048A62645F423004BB80D /* Preview Assets.xcassets in Resources */ = {isa = PBXBuildFile; fileRef = E53048A52645F423004BB80D /* Preview Assets.xcassets */; };
		E53048B12645F423004BB80D /* GatherQRTests.swift in Sources */ = {isa = PBXBuildFile; fileRef = E53048B02645F423004BB80D /* GatherQRTests.swift */; };
		E53048BC2645F423004BB80D /* GatherQRUITests.swift in Sources */ = {isa = PBXBuildFile; fileRef = E53048BB2645F423004BB80D /* GatherQRUITests.swift */; };
		E53048CB2646800A004BB80D /* Realm in Frameworks */ = {isa = PBXBuildFile; productRef = E53048CA2646800A004BB80D /* Realm */; };
		E53048CD2646800A004BB80D /* RealmSwift in Frameworks */ = {isa = PBXBuildFile; productRef = E53048CC2646800A004BB80D /* RealmSwift */; };
		E53048D026468339004BB80D /* QRInfoEntity.swift in Sources */ = {isa = PBXBuildFile; fileRef = E53048CF26468339004BB80D /* QRInfoEntity.swift */; };
		E53048D3264684BD004BB80D /* QRInfoModel.swift in Sources */ = {isa = PBXBuildFile; fileRef = E53048D2264684BD004BB80D /* QRInfoModel.swift */; };
		E53048D626468610004BB80D /* QRCodeUtility.swift in Sources */ = {isa = PBXBuildFile; fileRef = E53048D526468610004BB80D /* QRCodeUtility.swift */; };
		E53048D826474163004BB80D /* QRCodePreviewView.swift in Sources */ = {isa = PBXBuildFile; fileRef = E53048D726474163004BB80D /* QRCodePreviewView.swift */; };
		E53048DB26474302004BB80D /* QRCodeInfoRow.swift in Sources */ = {isa = PBXBuildFile; fileRef = E53048DA26474302004BB80D /* QRCodeInfoRow.swift */; };
		E53048DD264744C4004BB80D /* QRInfoList.swift in Sources */ = {isa = PBXBuildFile; fileRef = E53048DC264744C4004BB80D /* QRInfoList.swift */; };
		E53ABD97264FC346009AFAB3 /* QRCodeInfoList.swift in Sources */ = {isa = PBXBuildFile; fileRef = E53ABD96264FC346009AFAB3 /* QRCodeInfoList.swift */; };
		E53ABD99264FC81E009AFAB3 /* ScanQRCodeView.swift in Sources */ = {isa = PBXBuildFile; fileRef = E53ABD98264FC81E009AFAB3 /* ScanQRCodeView.swift */; };
		E53ABD9B264FCD75009AFAB3 /* ScannerViewModel.swift in Sources */ = {isa = PBXBuildFile; fileRef = E53ABD9A264FCD75009AFAB3 /* ScannerViewModel.swift */; };
		E53ABD9D264FCFBA009AFAB3 /* QRCodeCameraDelegate.swift in Sources */ = {isa = PBXBuildFile; fileRef = E53ABD9C264FCFBA009AFAB3 /* QRCodeCameraDelegate.swift */; };
		E53ABD9F264FD1B8009AFAB3 /* CameraPreview.swift in Sources */ = {isa = PBXBuildFile; fileRef = E53ABD9E264FD1B8009AFAB3 /* CameraPreview.swift */; };
		E53ABDA126509F40009AFAB3 /* QRCodeScannerView.swift in Sources */ = {isa = PBXBuildFile; fileRef = E53ABDA026509F40009AFAB3 /* QRCodeScannerView.swift */; };
		E53ABDA326514682009AFAB3 /* RegisterQRCodeView.swift in Sources */ = {isa = PBXBuildFile; fileRef = E53ABDA226514682009AFAB3 /* RegisterQRCodeView.swift */; };
		E53ABDA52651482C009AFAB3 /* RegisterQRCodeViewModel.swift in Sources */ = {isa = PBXBuildFile; fileRef = E53ABDA42651482C009AFAB3 /* RegisterQRCodeViewModel.swift */; };
		E53ABDA72651582B009AFAB3 /* RealmUtility.swift in Sources */ = {isa = PBXBuildFile; fileRef = E53ABDA62651582B009AFAB3 /* RealmUtility.swift */; };
		E5AB67C826B6AAF6006F34CA /* ObservedInfo.swift in Sources */ = {isa = PBXBuildFile; fileRef = E5AB67C726B6AAF6006F34CA /* ObservedInfo.swift */; };
		E5AB67CA26C60487006F34CA /* QRCodeImageView.swift in Sources */ = {isa = PBXBuildFile; fileRef = E5AB67C926C60487006F34CA /* QRCodeImageView.swift */; };
		E5AE06B2269AF778001802B3 /* QRCodeInfoRowViewModel.swift in Sources */ = {isa = PBXBuildFile; fileRef = E5AE06B1269AF778001802B3 /* QRCodeInfoRowViewModel.swift */; };
		E5E4E78926B6013500377898 /* Infoplist.strings in Resources */ = {isa = PBXBuildFile; fileRef = E5E4E78B26B6013500377898 /* Infoplist.strings */; };
		E5E78E3F26B5FA7A00E1B3ED /* AppCommon.swift in Sources */ = {isa = PBXBuildFile; fileRef = E5E78E3E26B5FA7A00E1B3ED /* AppCommon.swift */; };
		E5E78E4026B5FC7300E1B3ED /* Localizable.strings in Resources */ = {isa = PBXBuildFile; fileRef = E5E78E4226B5FC7300E1B3ED /* Localizable.strings */; };
/* End PBXBuildFile section */

/* Begin PBXContainerItemProxy section */
		E53048AD2645F423004BB80D /* PBXContainerItemProxy */ = {
			isa = PBXContainerItemProxy;
			containerPortal = E53048932645F422004BB80D /* Project object */;
			proxyType = 1;
			remoteGlobalIDString = E530489A2645F422004BB80D;
			remoteInfo = GatherQR;
		};
		E53048B82645F423004BB80D /* PBXContainerItemProxy */ = {
			isa = PBXContainerItemProxy;
			containerPortal = E53048932645F422004BB80D /* Project object */;
			proxyType = 1;
			remoteGlobalIDString = E530489A2645F422004BB80D;
			remoteInfo = GatherQR;
		};
/* End PBXContainerItemProxy section */

/* Begin PBXFileReference section */
		060D80D79D7EDA074703D2B6 /* Pods-GatherQRTests.release.xcconfig */ = {isa = PBXFileReference; includeInIndex = 1; lastKnownFileType = text.xcconfig; name = "Pods-GatherQRTests.release.xcconfig"; path = "Target Support Files/Pods-GatherQRTests/Pods-GatherQRTests.release.xcconfig"; sourceTree = "<group>"; };
		1C3C5C4BE9C567ABA06575A8 /* Pods_GatherQR.framework */ = {isa = PBXFileReference; explicitFileType = wrapper.framework; includeInIndex = 0; path = Pods_GatherQR.framework; sourceTree = BUILT_PRODUCTS_DIR; };
		46D3C162CBF9D071E8A480F3 /* Pods_GatherQR_GatherQRUITests.framework */ = {isa = PBXFileReference; explicitFileType = wrapper.framework; includeInIndex = 0; path = Pods_GatherQR_GatherQRUITests.framework; sourceTree = BUILT_PRODUCTS_DIR; };
		75BA4D4EDBE732051EDC9801 /* Pods-GatherQR.release.xcconfig */ = {isa = PBXFileReference; includeInIndex = 1; lastKnownFileType = text.xcconfig; name = "Pods-GatherQR.release.xcconfig"; path = "Target Support Files/Pods-GatherQR/Pods-GatherQR.release.xcconfig"; sourceTree = "<group>"; };
		8413ED43541D367C7D73A88B /* Pods-GatherQR-GatherQRUITests.release.xcconfig */ = {isa = PBXFileReference; includeInIndex = 1; lastKnownFileType = text.xcconfig; name = "Pods-GatherQR-GatherQRUITests.release.xcconfig"; path = "Target Support Files/Pods-GatherQR-GatherQRUITests/Pods-GatherQR-GatherQRUITests.release.xcconfig"; sourceTree = "<group>"; };
		9270CE1B903EB1276F03D856 /* Pods-GatherQRTests.debug.xcconfig */ = {isa = PBXFileReference; includeInIndex = 1; lastKnownFileType = text.xcconfig; name = "Pods-GatherQRTests.debug.xcconfig"; path = "Target Support Files/Pods-GatherQRTests/Pods-GatherQRTests.debug.xcconfig"; sourceTree = "<group>"; };
		95F98541221BDA2FC235A51B /* Pods_GatherQRTests.framework */ = {isa = PBXFileReference; explicitFileType = wrapper.framework; includeInIndex = 0; path = Pods_GatherQRTests.framework; sourceTree = BUILT_PRODUCTS_DIR; };
		AE93543294FCF177FE907229 /* Pods-GatherQR.debug.xcconfig */ = {isa = PBXFileReference; includeInIndex = 1; lastKnownFileType = text.xcconfig; name = "Pods-GatherQR.debug.xcconfig"; path = "Target Support Files/Pods-GatherQR/Pods-GatherQR.debug.xcconfig"; sourceTree = "<group>"; };
		E50D56DC2698E4D90057ED8C /* GoogleService-Info.plist */ = {isa = PBXFileReference; fileEncoding = 4; lastKnownFileType = text.plist.xml; path = "GoogleService-Info.plist"; sourceTree = "<group>"; };
		E530489B2645F422004BB80D /* GatherQR.app */ = {isa = PBXFileReference; explicitFileType = wrapper.application; includeInIndex = 0; path = GatherQR.app; sourceTree = BUILT_PRODUCTS_DIR; };
		E530489E2645F422004BB80D /* GatherQRApp.swift */ = {isa = PBXFileReference; lastKnownFileType = sourcecode.swift; path = GatherQRApp.swift; sourceTree = "<group>"; };
		E53048A02645F422004BB80D /* ContentView.swift */ = {isa = PBXFileReference; lastKnownFileType = sourcecode.swift; path = ContentView.swift; sourceTree = "<group>"; };
		E53048A22645F423004BB80D /* Assets.xcassets */ = {isa = PBXFileReference; lastKnownFileType = folder.assetcatalog; path = Assets.xcassets; sourceTree = "<group>"; };
		E53048A52645F423004BB80D /* Preview Assets.xcassets */ = {isa = PBXFileReference; lastKnownFileType = folder.assetcatalog; path = "Preview Assets.xcassets"; sourceTree = "<group>"; };
		E53048A72645F423004BB80D /* Info.plist */ = {isa = PBXFileReference; lastKnownFileType = text.plist.xml; path = Info.plist; sourceTree = "<group>"; };
		E53048AC2645F423004BB80D /* GatherQRTests.xctest */ = {isa = PBXFileReference; explicitFileType = wrapper.cfbundle; includeInIndex = 0; path = GatherQRTests.xctest; sourceTree = BUILT_PRODUCTS_DIR; };
		E53048B02645F423004BB80D /* GatherQRTests.swift */ = {isa = PBXFileReference; lastKnownFileType = sourcecode.swift; path = GatherQRTests.swift; sourceTree = "<group>"; };
		E53048B22645F423004BB80D /* Info.plist */ = {isa = PBXFileReference; lastKnownFileType = text.plist.xml; path = Info.plist; sourceTree = "<group>"; };
		E53048B72645F423004BB80D /* GatherQRUITests.xctest */ = {isa = PBXFileReference; explicitFileType = wrapper.cfbundle; includeInIndex = 0; path = GatherQRUITests.xctest; sourceTree = BUILT_PRODUCTS_DIR; };
		E53048BB2645F423004BB80D /* GatherQRUITests.swift */ = {isa = PBXFileReference; lastKnownFileType = sourcecode.swift; path = GatherQRUITests.swift; sourceTree = "<group>"; };
		E53048BD2645F423004BB80D /* Info.plist */ = {isa = PBXFileReference; lastKnownFileType = text.plist.xml; path = Info.plist; sourceTree = "<group>"; };
		E53048CF26468339004BB80D /* QRInfoEntity.swift */ = {isa = PBXFileReference; lastKnownFileType = sourcecode.swift; path = QRInfoEntity.swift; sourceTree = "<group>"; };
		E53048D2264684BD004BB80D /* QRInfoModel.swift */ = {isa = PBXFileReference; lastKnownFileType = sourcecode.swift; path = QRInfoModel.swift; sourceTree = "<group>"; };
		E53048D526468610004BB80D /* QRCodeUtility.swift */ = {isa = PBXFileReference; lastKnownFileType = sourcecode.swift; path = QRCodeUtility.swift; sourceTree = "<group>"; };
		E53048D726474163004BB80D /* QRCodePreviewView.swift */ = {isa = PBXFileReference; lastKnownFileType = sourcecode.swift; path = QRCodePreviewView.swift; sourceTree = "<group>"; };
		E53048DA26474302004BB80D /* QRCodeInfoRow.swift */ = {isa = PBXFileReference; lastKnownFileType = sourcecode.swift; path = QRCodeInfoRow.swift; sourceTree = "<group>"; };
		E53048DC264744C4004BB80D /* QRInfoList.swift */ = {isa = PBXFileReference; lastKnownFileType = sourcecode.swift; path = QRInfoList.swift; sourceTree = "<group>"; };
		E53ABD96264FC346009AFAB3 /* QRCodeInfoList.swift */ = {isa = PBXFileReference; lastKnownFileType = sourcecode.swift; path = QRCodeInfoList.swift; sourceTree = "<group>"; };
		E53ABD98264FC81E009AFAB3 /* ScanQRCodeView.swift */ = {isa = PBXFileReference; lastKnownFileType = sourcecode.swift; path = ScanQRCodeView.swift; sourceTree = "<group>"; };
		E53ABD9A264FCD75009AFAB3 /* ScannerViewModel.swift */ = {isa = PBXFileReference; lastKnownFileType = sourcecode.swift; path = ScannerViewModel.swift; sourceTree = "<group>"; };
		E53ABD9C264FCFBA009AFAB3 /* QRCodeCameraDelegate.swift */ = {isa = PBXFileReference; lastKnownFileType = sourcecode.swift; path = QRCodeCameraDelegate.swift; sourceTree = "<group>"; };
		E53ABD9E264FD1B8009AFAB3 /* CameraPreview.swift */ = {isa = PBXFileReference; lastKnownFileType = sourcecode.swift; path = CameraPreview.swift; sourceTree = "<group>"; };
		E53ABDA026509F40009AFAB3 /* QRCodeScannerView.swift */ = {isa = PBXFileReference; lastKnownFileType = sourcecode.swift; path = QRCodeScannerView.swift; sourceTree = "<group>"; };
		E53ABDA226514682009AFAB3 /* RegisterQRCodeView.swift */ = {isa = PBXFileReference; lastKnownFileType = sourcecode.swift; path = RegisterQRCodeView.swift; sourceTree = "<group>"; };
		E53ABDA42651482C009AFAB3 /* RegisterQRCodeViewModel.swift */ = {isa = PBXFileReference; lastKnownFileType = sourcecode.swift; path = RegisterQRCodeViewModel.swift; sourceTree = "<group>"; };
		E53ABDA62651582B009AFAB3 /* RealmUtility.swift */ = {isa = PBXFileReference; lastKnownFileType = sourcecode.swift; path = RealmUtility.swift; sourceTree = "<group>"; };
		E5AB67C726B6AAF6006F34CA /* ObservedInfo.swift */ = {isa = PBXFileReference; lastKnownFileType = sourcecode.swift; path = ObservedInfo.swift; sourceTree = "<group>"; };
		E5AB67C926C60487006F34CA /* QRCodeImageView.swift */ = {isa = PBXFileReference; lastKnownFileType = sourcecode.swift; path = QRCodeImageView.swift; sourceTree = "<group>"; };
		E5AE06B1269AF778001802B3 /* QRCodeInfoRowViewModel.swift */ = {isa = PBXFileReference; lastKnownFileType = sourcecode.swift; path = QRCodeInfoRowViewModel.swift; sourceTree = "<group>"; };
		E5E4E78626B5FD1900377898 /* ja */ = {isa = PBXFileReference; lastKnownFileType = text.plist.strings; name = ja; path = ja.lproj/Localizable.strings; sourceTree = "<group>"; };
		E5E4E78A26B6013500377898 /* ja */ = {isa = PBXFileReference; lastKnownFileType = text.plist.strings; name = ja; path = ja.lproj/Infoplist.strings; sourceTree = "<group>"; };
		E5E4E78C26B6013A00377898 /* en */ = {isa = PBXFileReference; lastKnownFileType = text.plist.strings; name = en; path = en.lproj/Infoplist.strings; sourceTree = "<group>"; };
		E5E78E3E26B5FA7A00E1B3ED /* AppCommon.swift */ = {isa = PBXFileReference; lastKnownFileType = sourcecode.swift; path = AppCommon.swift; sourceTree = "<group>"; };
		E5E78E4126B5FC7300E1B3ED /* en */ = {isa = PBXFileReference; lastKnownFileType = text.plist.strings; name = en; path = en.lproj/Localizable.strings; sourceTree = "<group>"; };
		FA58F7778495429C4E7B52AB /* Pods-GatherQR-GatherQRUITests.debug.xcconfig */ = {isa = PBXFileReference; includeInIndex = 1; lastKnownFileType = text.xcconfig; name = "Pods-GatherQR-GatherQRUITests.debug.xcconfig"; path = "Target Support Files/Pods-GatherQR-GatherQRUITests/Pods-GatherQR-GatherQRUITests.debug.xcconfig"; sourceTree = "<group>"; };
/* End PBXFileReference section */

/* Begin PBXFrameworksBuildPhase section */
		E53048982645F422004BB80D /* Frameworks */ = {
			isa = PBXFrameworksBuildPhase;
			buildActionMask = 2147483647;
			files = (
				E53048CD2646800A004BB80D /* RealmSwift in Frameworks */,
				E53048CB2646800A004BB80D /* Realm in Frameworks */,
				0287938F39FAF8F7BD5D074C /* Pods_GatherQR.framework in Frameworks */,
			);
			runOnlyForDeploymentPostprocessing = 0;
		};
		E53048A92645F423004BB80D /* Frameworks */ = {
			isa = PBXFrameworksBuildPhase;
			buildActionMask = 2147483647;
			files = (
				30D4AA644A3B0C98FAE2E2B5 /* Pods_GatherQRTests.framework in Frameworks */,
			);
			runOnlyForDeploymentPostprocessing = 0;
		};
		E53048B42645F423004BB80D /* Frameworks */ = {
			isa = PBXFrameworksBuildPhase;
			buildActionMask = 2147483647;
			files = (
				059ABF15A51095014E29ADB5 /* Pods_GatherQR_GatherQRUITests.framework in Frameworks */,
			);
			runOnlyForDeploymentPostprocessing = 0;
		};
/* End PBXFrameworksBuildPhase section */

/* Begin PBXGroup section */
		A1CEE315C274DF0F9887124C /* Frameworks */ = {
			isa = PBXGroup;
			children = (
				1C3C5C4BE9C567ABA06575A8 /* Pods_GatherQR.framework */,
				46D3C162CBF9D071E8A480F3 /* Pods_GatherQR_GatherQRUITests.framework */,
				95F98541221BDA2FC235A51B /* Pods_GatherQRTests.framework */,
			);
			name = Frameworks;
			sourceTree = "<group>";
		};
		CDE79B38CB95E34114EFA35B /* Pods */ = {
			isa = PBXGroup;
			children = (
				AE93543294FCF177FE907229 /* Pods-GatherQR.debug.xcconfig */,
				75BA4D4EDBE732051EDC9801 /* Pods-GatherQR.release.xcconfig */,
				FA58F7778495429C4E7B52AB /* Pods-GatherQR-GatherQRUITests.debug.xcconfig */,
				8413ED43541D367C7D73A88B /* Pods-GatherQR-GatherQRUITests.release.xcconfig */,
				9270CE1B903EB1276F03D856 /* Pods-GatherQRTests.debug.xcconfig */,
				060D80D79D7EDA074703D2B6 /* Pods-GatherQRTests.release.xcconfig */,
			);
			path = Pods;
			sourceTree = "<group>";
		};
		E53048922645F422004BB80D = {
			isa = PBXGroup;
			children = (
				E530489D2645F422004BB80D /* GatherQR */,
				E53048AF2645F423004BB80D /* GatherQRTests */,
				E53048BA2645F423004BB80D /* GatherQRUITests */,
				E530489C2645F422004BB80D /* Products */,
				CDE79B38CB95E34114EFA35B /* Pods */,
				A1CEE315C274DF0F9887124C /* Frameworks */,
			);
			sourceTree = "<group>";
		};
		E530489C2645F422004BB80D /* Products */ = {
			isa = PBXGroup;
			children = (
				E530489B2645F422004BB80D /* GatherQR.app */,
				E53048AC2645F423004BB80D /* GatherQRTests.xctest */,
				E53048B72645F423004BB80D /* GatherQRUITests.xctest */,
			);
			name = Products;
			sourceTree = "<group>";
		};
		E530489D2645F422004BB80D /* GatherQR */ = {
			isa = PBXGroup;
			children = (
				E5E78E3B26B5F7EF00E1B3ED /* Resources */,
				E53048D426468600004BB80D /* Utility */,
				E53048CE26468016004BB80D /* Realm */,
				E53048D9264742B1004BB80D /* Views */,
				E53048D1264684AB004BB80D /* Model */,
				E530489E2645F422004BB80D /* GatherQRApp.swift */,
			);
			path = GatherQR;
			sourceTree = "<group>";
		};
		E53048A42645F423004BB80D /* Preview Content */ = {
			isa = PBXGroup;
			children = (
				E53048A52645F423004BB80D /* Preview Assets.xcassets */,
			);
			path = "Preview Content";
			sourceTree = "<group>";
		};
		E53048AF2645F423004BB80D /* GatherQRTests */ = {
			isa = PBXGroup;
			children = (
				E53048B02645F423004BB80D /* GatherQRTests.swift */,
				E53048B22645F423004BB80D /* Info.plist */,
			);
			path = GatherQRTests;
			sourceTree = "<group>";
		};
		E53048BA2645F423004BB80D /* GatherQRUITests */ = {
			isa = PBXGroup;
			children = (
				E53048BB2645F423004BB80D /* GatherQRUITests.swift */,
				E53048BD2645F423004BB80D /* Info.plist */,
			);
			path = GatherQRUITests;
			sourceTree = "<group>";
		};
		E53048CE26468016004BB80D /* Realm */ = {
			isa = PBXGroup;
			children = (
				E53048CF26468339004BB80D /* QRInfoEntity.swift */,
				E53ABDA62651582B009AFAB3 /* RealmUtility.swift */,
			);
			path = Realm;
			sourceTree = "<group>";
		};
		E53048D1264684AB004BB80D /* Model */ = {
			isa = PBXGroup;
			children = (
				E53048D2264684BD004BB80D /* QRInfoModel.swift */,
				E53048DC264744C4004BB80D /* QRInfoList.swift */,
				E53ABD9A264FCD75009AFAB3 /* ScannerViewModel.swift */,
				E53ABD9C264FCFBA009AFAB3 /* QRCodeCameraDelegate.swift */,
				E53ABDA42651482C009AFAB3 /* RegisterQRCodeViewModel.swift */,
				E5AE06B1269AF778001802B3 /* QRCodeInfoRowViewModel.swift */,
				E5AB67C726B6AAF6006F34CA /* ObservedInfo.swift */,
			);
			path = Model;
			sourceTree = "<group>";
		};
		E53048D426468600004BB80D /* Utility */ = {
			isa = PBXGroup;
			children = (
				E53048D526468610004BB80D /* QRCodeUtility.swift */,
				E5E78E3E26B5FA7A00E1B3ED /* AppCommon.swift */,
			);
			path = Utility;
			sourceTree = "<group>";
		};
		E53048D9264742B1004BB80D /* Views */ = {
			isa = PBXGroup;
			children = (
				E53ABD9E264FD1B8009AFAB3 /* CameraPreview.swift */,
				E53048A02645F422004BB80D /* ContentView.swift */,
				E53ABD96264FC346009AFAB3 /* QRCodeInfoList.swift */,
				E53048DA26474302004BB80D /* QRCodeInfoRow.swift */,
				E53048D726474163004BB80D /* QRCodePreviewView.swift */,
				E53ABDA026509F40009AFAB3 /* QRCodeScannerView.swift */,
				E53ABD98264FC81E009AFAB3 /* ScanQRCodeView.swift */,
				E53ABDA226514682009AFAB3 /* RegisterQRCodeView.swift */,
				E5AB67C926C60487006F34CA /* QRCodeImageView.swift */,
			);
			path = Views;
			sourceTree = "<group>";
		};
		E5E78E3B26B5F7EF00E1B3ED /* Resources */ = {
			isa = PBXGroup;
			children = (
				E5E78E4226B5FC7300E1B3ED /* Localizable.strings */,
				E53048A42645F423004BB80D /* Preview Content */,
				E53048A22645F423004BB80D /* Assets.xcassets */,
				E50D56DC2698E4D90057ED8C /* GoogleService-Info.plist */,
				E53048A72645F423004BB80D /* Info.plist */,
				E5E4E78B26B6013500377898 /* Infoplist.strings */,
			);
			path = Resources;
			sourceTree = "<group>";
		};
/* End PBXGroup section */

/* Begin PBXNativeTarget section */
		E530489A2645F422004BB80D /* GatherQR */ = {
			isa = PBXNativeTarget;
			buildConfigurationList = E53048C02645F423004BB80D /* Build configuration list for PBXNativeTarget "GatherQR" */;
			buildPhases = (
				D5CC315958B5279B9D9598A9 /* [CP] Check Pods Manifest.lock */,
				E53048972645F422004BB80D /* Sources */,
				E53048982645F422004BB80D /* Frameworks */,
				E53048992645F422004BB80D /* Resources */,
				FC43E82F28336913C34D61AC /* [CP] Embed Pods Frameworks */,
			);
			buildRules = (
			);
			dependencies = (
			);
			name = GatherQR;
			packageProductDependencies = (
				E53048CA2646800A004BB80D /* Realm */,
				E53048CC2646800A004BB80D /* RealmSwift */,
			);
			productName = GatherQR;
			productReference = E530489B2645F422004BB80D /* GatherQR.app */;
			productType = "com.apple.product-type.application";
		};
		E53048AB2645F423004BB80D /* GatherQRTests */ = {
			isa = PBXNativeTarget;
			buildConfigurationList = E53048C32645F423004BB80D /* Build configuration list for PBXNativeTarget "GatherQRTests" */;
			buildPhases = (
				29E33DC61D0A3F7058225F07 /* [CP] Check Pods Manifest.lock */,
				E53048A82645F423004BB80D /* Sources */,
				E53048A92645F423004BB80D /* Frameworks */,
				E53048AA2645F423004BB80D /* Resources */,
			);
			buildRules = (
			);
			dependencies = (
				E53048AE2645F423004BB80D /* PBXTargetDependency */,
			);
			name = GatherQRTests;
			productName = GatherQRTests;
			productReference = E53048AC2645F423004BB80D /* GatherQRTests.xctest */;
			productType = "com.apple.product-type.bundle.unit-test";
		};
		E53048B62645F423004BB80D /* GatherQRUITests */ = {
			isa = PBXNativeTarget;
			buildConfigurationList = E53048C62645F423004BB80D /* Build configuration list for PBXNativeTarget "GatherQRUITests" */;
			buildPhases = (
				4ED5372BEE435C70F1D2A04C /* [CP] Check Pods Manifest.lock */,
				E53048B32645F423004BB80D /* Sources */,
				E53048B42645F423004BB80D /* Frameworks */,
				E53048B52645F423004BB80D /* Resources */,
				8D6EC550DB3F8FB0D976C0F7 /* [CP] Embed Pods Frameworks */,
			);
			buildRules = (
			);
			dependencies = (
				E53048B92645F423004BB80D /* PBXTargetDependency */,
			);
			name = GatherQRUITests;
			productName = GatherQRUITests;
			productReference = E53048B72645F423004BB80D /* GatherQRUITests.xctest */;
			productType = "com.apple.product-type.bundle.ui-testing";
		};
/* End PBXNativeTarget section */

/* Begin PBXProject section */
		E53048932645F422004BB80D /* Project object */ = {
			isa = PBXProject;
			attributes = {
				LastSwiftUpdateCheck = 1250;
				LastUpgradeCheck = 1250;
				TargetAttributes = {
					E530489A2645F422004BB80D = {
						CreatedOnToolsVersion = 12.5;
					};
					E53048AB2645F423004BB80D = {
						CreatedOnToolsVersion = 12.5;
						TestTargetID = E530489A2645F422004BB80D;
					};
					E53048B62645F423004BB80D = {
						CreatedOnToolsVersion = 12.5;
						TestTargetID = E530489A2645F422004BB80D;
					};
				};
			};
			buildConfigurationList = E53048962645F422004BB80D /* Build configuration list for PBXProject "GatherQR" */;
			compatibilityVersion = "Xcode 9.3";
			developmentRegion = en;
			hasScannedForEncodings = 0;
			knownRegions = (
				en,
				Base,
				ja,
			);
			mainGroup = E53048922645F422004BB80D;
			packageReferences = (
				E53048C92646800A004BB80D /* XCRemoteSwiftPackageReference "realm-cocoa" */,
			);
			productRefGroup = E530489C2645F422004BB80D /* Products */;
			projectDirPath = "";
			projectRoot = "";
			targets = (
				E530489A2645F422004BB80D /* GatherQR */,
				E53048AB2645F423004BB80D /* GatherQRTests */,
				E53048B62645F423004BB80D /* GatherQRUITests */,
			);
		};
/* End PBXProject section */

/* Begin PBXResourcesBuildPhase section */
		E53048992645F422004BB80D /* Resources */ = {
			isa = PBXResourcesBuildPhase;
			buildActionMask = 2147483647;
			files = (
				E53048A62645F423004BB80D /* Preview Assets.xcassets in Resources */,
				E5E78E4026B5FC7300E1B3ED /* Localizable.strings in Resources */,
				E53048A32645F423004BB80D /* Assets.xcassets in Resources */,
				E5E4E78926B6013500377898 /* Infoplist.strings in Resources */,
				E50D56DD2698E4D90057ED8C /* GoogleService-Info.plist in Resources */,
			);
			runOnlyForDeploymentPostprocessing = 0;
		};
		E53048AA2645F423004BB80D /* Resources */ = {
			isa = PBXResourcesBuildPhase;
			buildActionMask = 2147483647;
			files = (
				E50D56DE2698E4D90057ED8C /* GoogleService-Info.plist in Resources */,
			);
			runOnlyForDeploymentPostprocessing = 0;
		};
		E53048B52645F423004BB80D /* Resources */ = {
			isa = PBXResourcesBuildPhase;
			buildActionMask = 2147483647;
			files = (
				E50D56DF2698E4D90057ED8C /* GoogleService-Info.plist in Resources */,
			);
			runOnlyForDeploymentPostprocessing = 0;
		};
/* End PBXResourcesBuildPhase section */

/* Begin PBXShellScriptBuildPhase section */
		29E33DC61D0A3F7058225F07 /* [CP] Check Pods Manifest.lock */ = {
			isa = PBXShellScriptBuildPhase;
			buildActionMask = 2147483647;
			files = (
			);
			inputFileListPaths = (
			);
			inputPaths = (
				"${PODS_PODFILE_DIR_PATH}/Podfile.lock",
				"${PODS_ROOT}/Manifest.lock",
			);
			name = "[CP] Check Pods Manifest.lock";
			outputFileListPaths = (
			);
			outputPaths = (
				"$(DERIVED_FILE_DIR)/Pods-GatherQRTests-checkManifestLockResult.txt",
			);
			runOnlyForDeploymentPostprocessing = 0;
			shellPath = /bin/sh;
			shellScript = "diff \"${PODS_PODFILE_DIR_PATH}/Podfile.lock\" \"${PODS_ROOT}/Manifest.lock\" > /dev/null\nif [ $? != 0 ] ; then\n    # print error to STDERR\n    echo \"error: The sandbox is not in sync with the Podfile.lock. Run 'pod install' or update your CocoaPods installation.\" >&2\n    exit 1\nfi\n# This output is used by Xcode 'outputs' to avoid re-running this script phase.\necho \"SUCCESS\" > \"${SCRIPT_OUTPUT_FILE_0}\"\n";
			showEnvVarsInLog = 0;
		};
		4ED5372BEE435C70F1D2A04C /* [CP] Check Pods Manifest.lock */ = {
			isa = PBXShellScriptBuildPhase;
			buildActionMask = 2147483647;
			files = (
			);
			inputFileListPaths = (
			);
			inputPaths = (
				"${PODS_PODFILE_DIR_PATH}/Podfile.lock",
				"${PODS_ROOT}/Manifest.lock",
			);
			name = "[CP] Check Pods Manifest.lock";
			outputFileListPaths = (
			);
			outputPaths = (
				"$(DERIVED_FILE_DIR)/Pods-GatherQR-GatherQRUITests-checkManifestLockResult.txt",
			);
			runOnlyForDeploymentPostprocessing = 0;
			shellPath = /bin/sh;
			shellScript = "diff \"${PODS_PODFILE_DIR_PATH}/Podfile.lock\" \"${PODS_ROOT}/Manifest.lock\" > /dev/null\nif [ $? != 0 ] ; then\n    # print error to STDERR\n    echo \"error: The sandbox is not in sync with the Podfile.lock. Run 'pod install' or update your CocoaPods installation.\" >&2\n    exit 1\nfi\n# This output is used by Xcode 'outputs' to avoid re-running this script phase.\necho \"SUCCESS\" > \"${SCRIPT_OUTPUT_FILE_0}\"\n";
			showEnvVarsInLog = 0;
		};
		8D6EC550DB3F8FB0D976C0F7 /* [CP] Embed Pods Frameworks */ = {
			isa = PBXShellScriptBuildPhase;
			buildActionMask = 2147483647;
			files = (
			);
			inputFileListPaths = (
				"${PODS_ROOT}/Target Support Files/Pods-GatherQR-GatherQRUITests/Pods-GatherQR-GatherQRUITests-frameworks-${CONFIGURATION}-input-files.xcfilelist",
			);
			name = "[CP] Embed Pods Frameworks";
			outputFileListPaths = (
				"${PODS_ROOT}/Target Support Files/Pods-GatherQR-GatherQRUITests/Pods-GatherQR-GatherQRUITests-frameworks-${CONFIGURATION}-output-files.xcfilelist",
			);
			runOnlyForDeploymentPostprocessing = 0;
			shellPath = /bin/sh;
			shellScript = "\"${PODS_ROOT}/Target Support Files/Pods-GatherQR-GatherQRUITests/Pods-GatherQR-GatherQRUITests-frameworks.sh\"\n";
			showEnvVarsInLog = 0;
		};
		D5CC315958B5279B9D9598A9 /* [CP] Check Pods Manifest.lock */ = {
			isa = PBXShellScriptBuildPhase;
			buildActionMask = 2147483647;
			files = (
			);
			inputFileListPaths = (
			);
			inputPaths = (
				"${PODS_PODFILE_DIR_PATH}/Podfile.lock",
				"${PODS_ROOT}/Manifest.lock",
			);
			name = "[CP] Check Pods Manifest.lock";
			outputFileListPaths = (
			);
			outputPaths = (
				"$(DERIVED_FILE_DIR)/Pods-GatherQR-checkManifestLockResult.txt",
			);
			runOnlyForDeploymentPostprocessing = 0;
			shellPath = /bin/sh;
			shellScript = "diff \"${PODS_PODFILE_DIR_PATH}/Podfile.lock\" \"${PODS_ROOT}/Manifest.lock\" > /dev/null\nif [ $? != 0 ] ; then\n    # print error to STDERR\n    echo \"error: The sandbox is not in sync with the Podfile.lock. Run 'pod install' or update your CocoaPods installation.\" >&2\n    exit 1\nfi\n# This output is used by Xcode 'outputs' to avoid re-running this script phase.\necho \"SUCCESS\" > \"${SCRIPT_OUTPUT_FILE_0}\"\n";
			showEnvVarsInLog = 0;
		};
		FC43E82F28336913C34D61AC /* [CP] Embed Pods Frameworks */ = {
			isa = PBXShellScriptBuildPhase;
			buildActionMask = 2147483647;
			files = (
			);
			inputFileListPaths = (
				"${PODS_ROOT}/Target Support Files/Pods-GatherQR/Pods-GatherQR-frameworks-${CONFIGURATION}-input-files.xcfilelist",
			);
			name = "[CP] Embed Pods Frameworks";
			outputFileListPaths = (
				"${PODS_ROOT}/Target Support Files/Pods-GatherQR/Pods-GatherQR-frameworks-${CONFIGURATION}-output-files.xcfilelist",
			);
			runOnlyForDeploymentPostprocessing = 0;
			shellPath = /bin/sh;
			shellScript = "\"${PODS_ROOT}/Target Support Files/Pods-GatherQR/Pods-GatherQR-frameworks.sh\"\n";
			showEnvVarsInLog = 0;
		};
/* End PBXShellScriptBuildPhase section */

/* Begin PBXSourcesBuildPhase section */
		E53048972645F422004BB80D /* Sources */ = {
			isa = PBXSourcesBuildPhase;
			buildActionMask = 2147483647;
			files = (
				E53048D3264684BD004BB80D /* QRInfoModel.swift in Sources */,
				E53ABD9F264FD1B8009AFAB3 /* CameraPreview.swift in Sources */,
				E53ABD97264FC346009AFAB3 /* QRCodeInfoList.swift in Sources */,
				E5E78E3F26B5FA7A00E1B3ED /* AppCommon.swift in Sources */,
				E53ABD9B264FCD75009AFAB3 /* ScannerViewModel.swift in Sources */,
				E53ABD9D264FCFBA009AFAB3 /* QRCodeCameraDelegate.swift in Sources */,
				E53048D626468610004BB80D /* QRCodeUtility.swift in Sources */,
				E53048DB26474302004BB80D /* QRCodeInfoRow.swift in Sources */,
				E53ABDA52651482C009AFAB3 /* RegisterQRCodeViewModel.swift in Sources */,
				E53ABDA126509F40009AFAB3 /* QRCodeScannerView.swift in Sources */,
				E5AE06B2269AF778001802B3 /* QRCodeInfoRowViewModel.swift in Sources */,
				E53048A12645F422004BB80D /* ContentView.swift in Sources */,
				E53ABDA72651582B009AFAB3 /* RealmUtility.swift in Sources */,
				E53048D826474163004BB80D /* QRCodePreviewView.swift in Sources */,
				E53ABDA326514682009AFAB3 /* RegisterQRCodeView.swift in Sources */,
				E5AB67C826B6AAF6006F34CA /* ObservedInfo.swift in Sources */,
				E53048D026468339004BB80D /* QRInfoEntity.swift in Sources */,
				E53048DD264744C4004BB80D /* QRInfoList.swift in Sources */,
				E5AB67CA26C60487006F34CA /* QRCodeImageView.swift in Sources */,
				E530489F2645F422004BB80D /* GatherQRApp.swift in Sources */,
				E53ABD99264FC81E009AFAB3 /* ScanQRCodeView.swift in Sources */,
			);
			runOnlyForDeploymentPostprocessing = 0;
		};
		E53048A82645F423004BB80D /* Sources */ = {
			isa = PBXSourcesBuildPhase;
			buildActionMask = 2147483647;
			files = (
				E53048B12645F423004BB80D /* GatherQRTests.swift in Sources */,
			);
			runOnlyForDeploymentPostprocessing = 0;
		};
		E53048B32645F423004BB80D /* Sources */ = {
			isa = PBXSourcesBuildPhase;
			buildActionMask = 2147483647;
			files = (
				E53048BC2645F423004BB80D /* GatherQRUITests.swift in Sources */,
			);
			runOnlyForDeploymentPostprocessing = 0;
		};
/* End PBXSourcesBuildPhase section */

/* Begin PBXTargetDependency section */
		E53048AE2645F423004BB80D /* PBXTargetDependency */ = {
			isa = PBXTargetDependency;
			target = E530489A2645F422004BB80D /* GatherQR */;
			targetProxy = E53048AD2645F423004BB80D /* PBXContainerItemProxy */;
		};
		E53048B92645F423004BB80D /* PBXTargetDependency */ = {
			isa = PBXTargetDependency;
			target = E530489A2645F422004BB80D /* GatherQR */;
			targetProxy = E53048B82645F423004BB80D /* PBXContainerItemProxy */;
		};
/* End PBXTargetDependency section */

/* Begin PBXVariantGroup section */
		E5E4E78B26B6013500377898 /* Infoplist.strings */ = {
			isa = PBXVariantGroup;
			children = (
				E5E4E78A26B6013500377898 /* ja */,
				E5E4E78C26B6013A00377898 /* en */,
			);
			name = Infoplist.strings;
			sourceTree = "<group>";
		};
		E5E78E4226B5FC7300E1B3ED /* Localizable.strings */ = {
			isa = PBXVariantGroup;
			children = (
				E5E78E4126B5FC7300E1B3ED /* en */,
				E5E4E78626B5FD1900377898 /* ja */,
			);
			name = Localizable.strings;
			sourceTree = "<group>";
		};
/* End PBXVariantGroup section */

/* Begin XCBuildConfiguration section */
		E53048BE2645F423004BB80D /* Debug */ = {
			isa = XCBuildConfiguration;
			buildSettings = {
				ALWAYS_SEARCH_USER_PATHS = NO;
				CLANG_ANALYZER_LOCALIZABILITY_NONLOCALIZED = YES;
				CLANG_ANALYZER_NONNULL = YES;
				CLANG_ANALYZER_NUMBER_OBJECT_CONVERSION = YES_AGGRESSIVE;
				CLANG_CXX_LANGUAGE_STANDARD = "gnu++14";
				CLANG_CXX_LIBRARY = "libc++";
				CLANG_ENABLE_MODULES = YES;
				CLANG_ENABLE_OBJC_ARC = YES;
				CLANG_ENABLE_OBJC_WEAK = YES;
				CLANG_WARN_BLOCK_CAPTURE_AUTORELEASING = YES;
				CLANG_WARN_BOOL_CONVERSION = YES;
				CLANG_WARN_COMMA = YES;
				CLANG_WARN_CONSTANT_CONVERSION = YES;
				CLANG_WARN_DEPRECATED_OBJC_IMPLEMENTATIONS = YES;
				CLANG_WARN_DIRECT_OBJC_ISA_USAGE = YES_ERROR;
				CLANG_WARN_DOCUMENTATION_COMMENTS = YES;
				CLANG_WARN_EMPTY_BODY = YES;
				CLANG_WARN_ENUM_CONVERSION = YES;
				CLANG_WARN_INFINITE_RECURSION = YES;
				CLANG_WARN_INT_CONVERSION = YES;
				CLANG_WARN_NON_LITERAL_NULL_CONVERSION = YES;
				CLANG_WARN_OBJC_IMPLICIT_RETAIN_SELF = YES;
				CLANG_WARN_OBJC_LITERAL_CONVERSION = YES;
				CLANG_WARN_OBJC_ROOT_CLASS = YES_ERROR;
				CLANG_WARN_QUOTED_INCLUDE_IN_FRAMEWORK_HEADER = YES;
				CLANG_WARN_RANGE_LOOP_ANALYSIS = YES;
				CLANG_WARN_STRICT_PROTOTYPES = YES;
				CLANG_WARN_SUSPICIOUS_MOVE = YES;
				CLANG_WARN_UNGUARDED_AVAILABILITY = YES_AGGRESSIVE;
				CLANG_WARN_UNREACHABLE_CODE = YES;
				CLANG_WARN__DUPLICATE_METHOD_MATCH = YES;
				COPY_PHASE_STRIP = NO;
				DEBUG_INFORMATION_FORMAT = dwarf;
				ENABLE_STRICT_OBJC_MSGSEND = YES;
				ENABLE_TESTABILITY = YES;
				GCC_C_LANGUAGE_STANDARD = gnu11;
				GCC_DYNAMIC_NO_PIC = NO;
				GCC_NO_COMMON_BLOCKS = YES;
				GCC_OPTIMIZATION_LEVEL = 0;
				GCC_PREPROCESSOR_DEFINITIONS = (
					"DEBUG=1",
					"$(inherited)",
				);
				GCC_WARN_64_TO_32_BIT_CONVERSION = YES;
				GCC_WARN_ABOUT_RETURN_TYPE = YES_ERROR;
				GCC_WARN_UNDECLARED_SELECTOR = YES;
				GCC_WARN_UNINITIALIZED_AUTOS = YES_AGGRESSIVE;
				GCC_WARN_UNUSED_FUNCTION = YES;
				GCC_WARN_UNUSED_VARIABLE = YES;
				IPHONEOS_DEPLOYMENT_TARGET = 14.5;
				MTL_ENABLE_DEBUG_INFO = INCLUDE_SOURCE;
				MTL_FAST_MATH = YES;
				ONLY_ACTIVE_ARCH = YES;
				SDKROOT = iphoneos;
				SWIFT_ACTIVE_COMPILATION_CONDITIONS = DEBUG;
				SWIFT_OPTIMIZATION_LEVEL = "-Onone";
			};
			name = Debug;
		};
		E53048BF2645F423004BB80D /* Release */ = {
			isa = XCBuildConfiguration;
			buildSettings = {
				ALWAYS_SEARCH_USER_PATHS = NO;
				CLANG_ANALYZER_LOCALIZABILITY_NONLOCALIZED = YES;
				CLANG_ANALYZER_NONNULL = YES;
				CLANG_ANALYZER_NUMBER_OBJECT_CONVERSION = YES_AGGRESSIVE;
				CLANG_CXX_LANGUAGE_STANDARD = "gnu++14";
				CLANG_CXX_LIBRARY = "libc++";
				CLANG_ENABLE_MODULES = YES;
				CLANG_ENABLE_OBJC_ARC = YES;
				CLANG_ENABLE_OBJC_WEAK = YES;
				CLANG_WARN_BLOCK_CAPTURE_AUTORELEASING = YES;
				CLANG_WARN_BOOL_CONVERSION = YES;
				CLANG_WARN_COMMA = YES;
				CLANG_WARN_CONSTANT_CONVERSION = YES;
				CLANG_WARN_DEPRECATED_OBJC_IMPLEMENTATIONS = YES;
				CLANG_WARN_DIRECT_OBJC_ISA_USAGE = YES_ERROR;
				CLANG_WARN_DOCUMENTATION_COMMENTS = YES;
				CLANG_WARN_EMPTY_BODY = YES;
				CLANG_WARN_ENUM_CONVERSION = YES;
				CLANG_WARN_INFINITE_RECURSION = YES;
				CLANG_WARN_INT_CONVERSION = YES;
				CLANG_WARN_NON_LITERAL_NULL_CONVERSION = YES;
				CLANG_WARN_OBJC_IMPLICIT_RETAIN_SELF = YES;
				CLANG_WARN_OBJC_LITERAL_CONVERSION = YES;
				CLANG_WARN_OBJC_ROOT_CLASS = YES_ERROR;
				CLANG_WARN_QUOTED_INCLUDE_IN_FRAMEWORK_HEADER = YES;
				CLANG_WARN_RANGE_LOOP_ANALYSIS = YES;
				CLANG_WARN_STRICT_PROTOTYPES = YES;
				CLANG_WARN_SUSPICIOUS_MOVE = YES;
				CLANG_WARN_UNGUARDED_AVAILABILITY = YES_AGGRESSIVE;
				CLANG_WARN_UNREACHABLE_CODE = YES;
				CLANG_WARN__DUPLICATE_METHOD_MATCH = YES;
				COPY_PHASE_STRIP = NO;
				DEBUG_INFORMATION_FORMAT = "dwarf-with-dsym";
				ENABLE_NS_ASSERTIONS = NO;
				ENABLE_STRICT_OBJC_MSGSEND = YES;
				GCC_C_LANGUAGE_STANDARD = gnu11;
				GCC_NO_COMMON_BLOCKS = YES;
				GCC_WARN_64_TO_32_BIT_CONVERSION = YES;
				GCC_WARN_ABOUT_RETURN_TYPE = YES_ERROR;
				GCC_WARN_UNDECLARED_SELECTOR = YES;
				GCC_WARN_UNINITIALIZED_AUTOS = YES_AGGRESSIVE;
				GCC_WARN_UNUSED_FUNCTION = YES;
				GCC_WARN_UNUSED_VARIABLE = YES;
				IPHONEOS_DEPLOYMENT_TARGET = 14.5;
				MTL_ENABLE_DEBUG_INFO = NO;
				MTL_FAST_MATH = YES;
				SDKROOT = iphoneos;
				SWIFT_COMPILATION_MODE = wholemodule;
				SWIFT_OPTIMIZATION_LEVEL = "-O";
				VALIDATE_PRODUCT = YES;
			};
			name = Release;
		};
		E53048C12645F423004BB80D /* Debug */ = {
			isa = XCBuildConfiguration;
			baseConfigurationReference = AE93543294FCF177FE907229 /* Pods-GatherQR.debug.xcconfig */;
			buildSettings = {
				ASSETCATALOG_COMPILER_APPICON_NAME = AppIcon;
				ASSETCATALOG_COMPILER_GLOBAL_ACCENT_COLOR_NAME = AccentColor;
				CODE_SIGN_STYLE = Automatic;
				CURRENT_PROJECT_VERSION = 2021080101;
				DEVELOPMENT_ASSET_PATHS = "\"GatherQR/Resources/Preview Content\"";
				DEVELOPMENT_TEAM = 86W5YV4A4X;
				ENABLE_PREVIEWS = YES;
				INFOPLIST_FILE = GatherQR/Resources/Info.plist;
				IPHONEOS_DEPLOYMENT_TARGET = 14.0;
				LD_RUNPATH_SEARCH_PATHS = (
					"$(inherited)",
					"@executable_path/Frameworks",
				);
				MARKETING_VERSION = 1.00;
				PRODUCT_BUNDLE_IDENTIFIER = com.k28.ios.GatherQR;
				PRODUCT_NAME = "$(TARGET_NAME)";
				SWIFT_VERSION = 5.0;
				TARGETED_DEVICE_FAMILY = "1,2";
			};
			name = Debug;
		};
		E53048C22645F423004BB80D /* Release */ = {
			isa = XCBuildConfiguration;
			baseConfigurationReference = 75BA4D4EDBE732051EDC9801 /* Pods-GatherQR.release.xcconfig */;
			buildSettings = {
				ASSETCATALOG_COMPILER_APPICON_NAME = AppIcon;
				ASSETCATALOG_COMPILER_GLOBAL_ACCENT_COLOR_NAME = AccentColor;
				CODE_SIGN_IDENTITY = "Apple Development";
				CODE_SIGN_STYLE = Automatic;
				CURRENT_PROJECT_VERSION = 2021080101;
				DEVELOPMENT_ASSET_PATHS = "\"GatherQR/Resources/Preview Content\"";
				DEVELOPMENT_TEAM = 86W5YV4A4X;
				ENABLE_PREVIEWS = YES;
				INFOPLIST_FILE = GatherQR/Resources/Info.plist;
				IPHONEOS_DEPLOYMENT_TARGET = 14.0;
				LD_RUNPATH_SEARCH_PATHS = (
					"$(inherited)",
					"@executable_path/Frameworks",
				);
				MARKETING_VERSION = 1.00;
				PRODUCT_BUNDLE_IDENTIFIER = com.k28.ios.GatherQR;
				PRODUCT_NAME = "$(TARGET_NAME)";
				PROVISIONING_PROFILE_SPECIFIER = "";
				SWIFT_VERSION = 5.0;
				TARGETED_DEVICE_FAMILY = "1,2";
			};
			name = Release;
		};
		E53048C42645F423004BB80D /* Debug */ = {
			isa = XCBuildConfiguration;
			baseConfigurationReference = 9270CE1B903EB1276F03D856 /* Pods-GatherQRTests.debug.xcconfig */;
			buildSettings = {
				ALWAYS_EMBED_SWIFT_STANDARD_LIBRARIES = YES;
				BUNDLE_LOADER = "$(TEST_HOST)";
				CODE_SIGN_STYLE = Automatic;
				DEVELOPMENT_TEAM = 86W5YV4A4X;
				INFOPLIST_FILE = GatherQRTests/Info.plist;
				IPHONEOS_DEPLOYMENT_TARGET = 14.0;
				LD_RUNPATH_SEARCH_PATHS = (
					"$(inherited)",
					"@executable_path/Frameworks",
					"@loader_path/Frameworks",
				);
				PRODUCT_BUNDLE_IDENTIFIER = com.k28.ios.GatherQRTests;
				PRODUCT_NAME = "$(TARGET_NAME)";
				SWIFT_VERSION = 5.0;
				TARGETED_DEVICE_FAMILY = "1,2";
				TEST_HOST = "$(BUILT_PRODUCTS_DIR)/GatherQR.app/GatherQR";
			};
			name = Debug;
		};
		E53048C52645F423004BB80D /* Release */ = {
			isa = XCBuildConfiguration;
			baseConfigurationReference = 060D80D79D7EDA074703D2B6 /* Pods-GatherQRTests.release.xcconfig */;
			buildSettings = {
				ALWAYS_EMBED_SWIFT_STANDARD_LIBRARIES = YES;
				BUNDLE_LOADER = "$(TEST_HOST)";
				CODE_SIGN_STYLE = Automatic;
				DEVELOPMENT_TEAM = 86W5YV4A4X;
				INFOPLIST_FILE = GatherQRTests/Info.plist;
				IPHONEOS_DEPLOYMENT_TARGET = 14.0;
				LD_RUNPATH_SEARCH_PATHS = (
					"$(inherited)",
					"@executable_path/Frameworks",
					"@loader_path/Frameworks",
				);
				PRODUCT_BUNDLE_IDENTIFIER = com.k28.ios.GatherQRTests;
				PRODUCT_NAME = "$(TARGET_NAME)";
				SWIFT_VERSION = 5.0;
				TARGETED_DEVICE_FAMILY = "1,2";
				TEST_HOST = "$(BUILT_PRODUCTS_DIR)/GatherQR.app/GatherQR";
			};
			name = Release;
		};
		E53048C72645F423004BB80D /* Debug */ = {
			isa = XCBuildConfiguration;
			baseConfigurationReference = FA58F7778495429C4E7B52AB /* Pods-GatherQR-GatherQRUITests.debug.xcconfig */;
			buildSettings = {
				ALWAYS_EMBED_SWIFT_STANDARD_LIBRARIES = YES;
				CODE_SIGN_STYLE = Automatic;
				DEVELOPMENT_TEAM = 86W5YV4A4X;
				INFOPLIST_FILE = GatherQRUITests/Info.plist;
				LD_RUNPATH_SEARCH_PATHS = (
					"$(inherited)",
					"@executable_path/Frameworks",
					"@loader_path/Frameworks",
				);
				PRODUCT_BUNDLE_IDENTIFIER = com.k28.ios.GatherQRUITests;
				PRODUCT_NAME = "$(TARGET_NAME)";
				SWIFT_VERSION = 5.0;
				TARGETED_DEVICE_FAMILY = "1,2";
				TEST_TARGET_NAME = GatherQR;
			};
			name = Debug;
		};
		E53048C82645F423004BB80D /* Release */ = {
			isa = XCBuildConfiguration;
			baseConfigurationReference = 8413ED43541D367C7D73A88B /* Pods-GatherQR-GatherQRUITests.release.xcconfig */;
			buildSettings = {
				ALWAYS_EMBED_SWIFT_STANDARD_LIBRARIES = YES;
				CODE_SIGN_STYLE = Automatic;
				DEVELOPMENT_TEAM = 86W5YV4A4X;
				INFOPLIST_FILE = GatherQRUITests/Info.plist;
				LD_RUNPATH_SEARCH_PATHS = (
					"$(inherited)",
					"@executable_path/Frameworks",
					"@loader_path/Frameworks",
				);
				PRODUCT_BUNDLE_IDENTIFIER = com.k28.ios.GatherQRUITests;
				PRODUCT_NAME = "$(TARGET_NAME)";
				SWIFT_VERSION = 5.0;
				TARGETED_DEVICE_FAMILY = "1,2";
				TEST_TARGET_NAME = GatherQR;
			};
			name = Release;
		};
/* End XCBuildConfiguration section */

/* Begin XCConfigurationList section */
		E53048962645F422004BB80D /* Build configuration list for PBXProject "GatherQR" */ = {
			isa = XCConfigurationList;
			buildConfigurations = (
				E53048BE2645F423004BB80D /* Debug */,
				E53048BF2645F423004BB80D /* Release */,
			);
			defaultConfigurationIsVisible = 0;
			defaultConfigurationName = Release;
		};
		E53048C02645F423004BB80D /* Build configuration list for PBXNativeTarget "GatherQR" */ = {
			isa = XCConfigurationList;
			buildConfigurations = (
				E53048C12645F423004BB80D /* Debug */,
				E53048C22645F423004BB80D /* Release */,
			);
			defaultConfigurationIsVisible = 0;
			defaultConfigurationName = Release;
		};
		E53048C32645F423004BB80D /* Build configuration list for PBXNativeTarget "GatherQRTests" */ = {
			isa = XCConfigurationList;
			buildConfigurations = (
				E53048C42645F423004BB80D /* Debug */,
				E53048C52645F423004BB80D /* Release */,
			);
			defaultConfigurationIsVisible = 0;
			defaultConfigurationName = Release;
		};
		E53048C62645F423004BB80D /* Build configuration list for PBXNativeTarget "GatherQRUITests" */ = {
			isa = XCConfigurationList;
			buildConfigurations = (
				E53048C72645F423004BB80D /* Debug */,
				E53048C82645F423004BB80D /* Release */,
			);
			defaultConfigurationIsVisible = 0;
			defaultConfigurationName = Release;
		};
/* End XCConfigurationList section */

/* Begin XCRemoteSwiftPackageReference section */
		E53048C92646800A004BB80D /* XCRemoteSwiftPackageReference "realm-cocoa" */ = {
			isa = XCRemoteSwiftPackageReference;
			repositoryURL = "https://github.com/realm/realm-cocoa";
			requirement = {
				kind = upToNextMajorVersion;
				minimumVersion = 10.7.5;
			};
		};
/* End XCRemoteSwiftPackageReference section */

/* Begin XCSwiftPackageProductDependency section */
		E53048CA2646800A004BB80D /* Realm */ = {
			isa = XCSwiftPackageProductDependency;
			package = E53048C92646800A004BB80D /* XCRemoteSwiftPackageReference "realm-cocoa" */;
			productName = Realm;
		};
		E53048CC2646800A004BB80D /* RealmSwift */ = {
			isa = XCSwiftPackageProductDependency;
			package = E53048C92646800A004BB80D /* XCRemoteSwiftPackageReference "realm-cocoa" */;
			productName = RealmSwift;
		};
/* End XCSwiftPackageProductDependency section */
	};
	rootObject = E53048932645F422004BB80D /* Project object */;
}
